
Microsoft Visual Studio Solution File, Format Version 12.00
# Visual Studio Version 16
VisualStudioVersion = 16.0.29324.140
MinimumVisualStudioVersion = 10.0.40219.1
Project("{9A19103F-16F7-4668-BE54-9A1E7A4F7556}") = "OpenMod.Core", "framework\OpenMod.Core\OpenMod.Core.csproj", "{4243D99F-BBA1-43E1-BC28-C61E4DD94B31}"
EndProject
Project("{9A19103F-16F7-4668-BE54-9A1E7A4F7556}") = "OpenMod.Runtime", "framework\OpenMod.Runtime\OpenMod.Runtime.csproj", "{F3B944AD-5F18-4E86-ABC3-A42399E2275C}"
EndProject
Project("{9A19103F-16F7-4668-BE54-9A1E7A4F7556}") = "OpenMod.API", "framework\OpenMod.API\OpenMod.API.csproj", "{CCD1FB38-3624-49BE-806C-FA095FB655F0}"
EndProject
Project("{9A19103F-16F7-4668-BE54-9A1E7A4F7556}") = "OpenMod.Unturned", "unturned\OpenMod.Unturned\OpenMod.Unturned.csproj", "{88F3D756-501B-4053-914F-CA169C8B938B}"
EndProject
Project("{9A19103F-16F7-4668-BE54-9A1E7A4F7556}") = "OpenMod.UnityEngine", "unityengine\OpenMod.UnityEngine\OpenMod.UnityEngine.csproj", "{7BDA94BC-D46C-4BC9-A560-0C023E1D9D52}"
EndProject
Project("{9A19103F-16F7-4668-BE54-9A1E7A4F7556}") = "OpenMod.Unturned.Module", "unturned\OpenMod.Unturned.Module\OpenMod.Unturned.Module.csproj", "{71386B9A-7882-44CD-9854-C8CFCEF9EC6C}"
EndProject
Project("{9A19103F-16F7-4668-BE54-9A1E7A4F7556}") = "OpenMod.NuGet", "framework\OpenMod.NuGet\OpenMod.NuGet.csproj", "{240462E7-3DD3-4E0D-A443-54E224E89700}"
EndProject
Project("{2150E333-8FDC-42A3-9474-1A3956D46DE8}") = "unturned", "unturned", "{F6737FCE-E6A4-4970-A6AC-0D7061B820FB}"
EndProject
Project("{2150E333-8FDC-42A3-9474-1A3956D46DE8}") = "unityengine", "unityengine", "{A45C0DAE-A4FF-437A-BB89-0223F19FB84F}"
EndProject
Project("{2150E333-8FDC-42A3-9474-1A3956D46DE8}") = "framework", "framework", "{42C946B3-E1EF-4278-A983-E99AA3F73527}"
EndProject
Project("{2150E333-8FDC-42A3-9474-1A3956D46DE8}") = "samples", "samples", "{3C310527-DC5D-4E38-B4EA-6C3FBBC48AA8}"
EndProject
Project("{9A19103F-16F7-4668-BE54-9A1E7A4F7556}") = "UnturnedSamplePlugin", "samples\UnturnedSamplePlugin\UnturnedSamplePlugin.csproj", "{E0C4B65D-34B0-4BB6-83E6-C09B89051D44}"
EndProject
Project("{2150E333-8FDC-42A3-9474-1A3956D46DE8}") = "standalone", "standalone", "{4DB6B030-41B8-4B7A-83C9-0CEFA79BD0A7}"
EndProject
Project("{9A19103F-16F7-4668-BE54-9A1E7A4F7556}") = "OpenMod.Standalone", "standalone\OpenMod.Standalone\OpenMod.Standalone.csproj", "{FEF71F5E-1F55-45C4-A853-B21A368E4946}"
EndProject
Project("{9A19103F-16F7-4668-BE54-9A1E7A4F7556}") = "OpenMod.Bootstrapper", "framework\OpenMod.Bootstrapper\OpenMod.Bootstrapper.csproj", "{415A8EA9-A04F-4F76-A89E-A77EA347A6AF}"
EndProject
Project("{9A19103F-16F7-4668-BE54-9A1E7A4F7556}") = "OpenMod.Unturned.Module.Dev", "unturned\OpenMod.Unturned.Module.Dev\OpenMod.Unturned.Module.Dev.csproj", "{0ED15B69-0240-42C9-BBA3-FB53BAB8EC84}"
EndProject
Project("{FAE04EC0-301F-11D3-BF4B-00C04F79EFBC}") = "OpenMod.Unturned.Module.Shared", "unturned\OpenMod.Unturned.Module.Shared\OpenMod.Unturned.Module.Shared.csproj", "{29045A25-2395-49A9-98CC-99C1659FEFE8}"
EndProject
Global
	GlobalSection(SolutionConfigurationPlatforms) = preSolution
		Debug|Any CPU = Debug|Any CPU
		Release|Any CPU = Release|Any CPU
	EndGlobalSection
	GlobalSection(ProjectConfigurationPlatforms) = postSolution
		{4243D99F-BBA1-43E1-BC28-C61E4DD94B31}.Debug|Any CPU.ActiveCfg = Debug|Any CPU
		{4243D99F-BBA1-43E1-BC28-C61E4DD94B31}.Debug|Any CPU.Build.0 = Debug|Any CPU
		{4243D99F-BBA1-43E1-BC28-C61E4DD94B31}.Release|Any CPU.ActiveCfg = Release|Any CPU
		{4243D99F-BBA1-43E1-BC28-C61E4DD94B31}.Release|Any CPU.Build.0 = Release|Any CPU
		{F3B944AD-5F18-4E86-ABC3-A42399E2275C}.Debug|Any CPU.ActiveCfg = Debug|Any CPU
		{F3B944AD-5F18-4E86-ABC3-A42399E2275C}.Debug|Any CPU.Build.0 = Debug|Any CPU
		{F3B944AD-5F18-4E86-ABC3-A42399E2275C}.Release|Any CPU.ActiveCfg = Release|Any CPU
		{F3B944AD-5F18-4E86-ABC3-A42399E2275C}.Release|Any CPU.Build.0 = Release|Any CPU
		{CCD1FB38-3624-49BE-806C-FA095FB655F0}.Debug|Any CPU.ActiveCfg = Debug|Any CPU
		{CCD1FB38-3624-49BE-806C-FA095FB655F0}.Debug|Any CPU.Build.0 = Debug|Any CPU
		{CCD1FB38-3624-49BE-806C-FA095FB655F0}.Release|Any CPU.ActiveCfg = Release|Any CPU
		{CCD1FB38-3624-49BE-806C-FA095FB655F0}.Release|Any CPU.Build.0 = Release|Any CPU
		{88F3D756-501B-4053-914F-CA169C8B938B}.Debug|Any CPU.ActiveCfg = Debug|Any CPU
		{88F3D756-501B-4053-914F-CA169C8B938B}.Debug|Any CPU.Build.0 = Debug|Any CPU
		{88F3D756-501B-4053-914F-CA169C8B938B}.Release|Any CPU.ActiveCfg = Release|Any CPU
		{88F3D756-501B-4053-914F-CA169C8B938B}.Release|Any CPU.Build.0 = Release|Any CPU
		{7BDA94BC-D46C-4BC9-A560-0C023E1D9D52}.Debug|Any CPU.ActiveCfg = Debug|Any CPU
		{7BDA94BC-D46C-4BC9-A560-0C023E1D9D52}.Debug|Any CPU.Build.0 = Debug|Any CPU
		{7BDA94BC-D46C-4BC9-A560-0C023E1D9D52}.Release|Any CPU.ActiveCfg = Release|Any CPU
		{7BDA94BC-D46C-4BC9-A560-0C023E1D9D52}.Release|Any CPU.Build.0 = Release|Any CPU
		{71386B9A-7882-44CD-9854-C8CFCEF9EC6C}.Debug|Any CPU.ActiveCfg = Debug|Any CPU
		{71386B9A-7882-44CD-9854-C8CFCEF9EC6C}.Debug|Any CPU.Build.0 = Debug|Any CPU
		{71386B9A-7882-44CD-9854-C8CFCEF9EC6C}.Release|Any CPU.ActiveCfg = Release|Any CPU
		{71386B9A-7882-44CD-9854-C8CFCEF9EC6C}.Release|Any CPU.Build.0 = Release|Any CPU
		{240462E7-3DD3-4E0D-A443-54E224E89700}.Debug|Any CPU.ActiveCfg = Debug|Any CPU
		{240462E7-3DD3-4E0D-A443-54E224E89700}.Debug|Any CPU.Build.0 = Debug|Any CPU
		{240462E7-3DD3-4E0D-A443-54E224E89700}.Release|Any CPU.ActiveCfg = Release|Any CPU
		{240462E7-3DD3-4E0D-A443-54E224E89700}.Release|Any CPU.Build.0 = Release|Any CPU
		{E0C4B65D-34B0-4BB6-83E6-C09B89051D44}.Debug|Any CPU.ActiveCfg = Debug|Any CPU
		{E0C4B65D-34B0-4BB6-83E6-C09B89051D44}.Debug|Any CPU.Build.0 = Debug|Any CPU
		{E0C4B65D-34B0-4BB6-83E6-C09B89051D44}.Release|Any CPU.ActiveCfg = Release|Any CPU
		{E0C4B65D-34B0-4BB6-83E6-C09B89051D44}.Release|Any CPU.Build.0 = Release|Any CPU
		{FEF71F5E-1F55-45C4-A853-B21A368E4946}.Debug|Any CPU.ActiveCfg = Debug|Any CPU
		{FEF71F5E-1F55-45C4-A853-B21A368E4946}.Debug|Any CPU.Build.0 = Debug|Any CPU
		{FEF71F5E-1F55-45C4-A853-B21A368E4946}.Release|Any CPU.ActiveCfg = Release|Any CPU
		{FEF71F5E-1F55-45C4-A853-B21A368E4946}.Release|Any CPU.Build.0 = Release|Any CPU
		{415A8EA9-A04F-4F76-A89E-A77EA347A6AF}.Debug|Any CPU.ActiveCfg = Debug|Any CPU
		{415A8EA9-A04F-4F76-A89E-A77EA347A6AF}.Debug|Any CPU.Build.0 = Debug|Any CPU
		{415A8EA9-A04F-4F76-A89E-A77EA347A6AF}.Release|Any CPU.ActiveCfg = Release|Any CPU
		{415A8EA9-A04F-4F76-A89E-A77EA347A6AF}.Release|Any CPU.Build.0 = Release|Any CPU
		{0ED15B69-0240-42C9-BBA3-FB53BAB8EC84}.Debug|Any CPU.ActiveCfg = Debug|Any CPU
		{0ED15B69-0240-42C9-BBA3-FB53BAB8EC84}.Debug|Any CPU.Build.0 = Debug|Any CPU
		{0ED15B69-0240-42C9-BBA3-FB53BAB8EC84}.Release|Any CPU.ActiveCfg = Release|Any CPU
		{0ED15B69-0240-42C9-BBA3-FB53BAB8EC84}.Release|Any CPU.Build.0 = Release|Any CPU
		{29045A25-2395-49A9-98CC-99C1659FEFE8}.Debug|Any CPU.ActiveCfg = Debug|Any CPU
		{29045A25-2395-49A9-98CC-99C1659FEFE8}.Debug|Any CPU.Build.0 = Debug|Any CPU
		{29045A25-2395-49A9-98CC-99C1659FEFE8}.Release|Any CPU.ActiveCfg = Release|Any CPU
		{29045A25-2395-49A9-98CC-99C1659FEFE8}.Release|Any CPU.Build.0 = Release|Any CPU
	EndGlobalSection
	GlobalSection(SolutionProperties) = preSolution
		HideSolutionNode = FALSE
	EndGlobalSection
	GlobalSection(NestedProjects) = preSolution
		{4243D99F-BBA1-43E1-BC28-C61E4DD94B31} = {42C946B3-E1EF-4278-A983-E99AA3F73527}
		{F3B944AD-5F18-4E86-ABC3-A42399E2275C} = {42C946B3-E1EF-4278-A983-E99AA3F73527}
		{CCD1FB38-3624-49BE-806C-FA095FB655F0} = {42C946B3-E1EF-4278-A983-E99AA3F73527}
		{88F3D756-501B-4053-914F-CA169C8B938B} = {F6737FCE-E6A4-4970-A6AC-0D7061B820FB}
		{7BDA94BC-D46C-4BC9-A560-0C023E1D9D52} = {A45C0DAE-A4FF-437A-BB89-0223F19FB84F}
		{71386B9A-7882-44CD-9854-C8CFCEF9EC6C} = {F6737FCE-E6A4-4970-A6AC-0D7061B820FB}
		{240462E7-3DD3-4E0D-A443-54E224E89700} = {42C946B3-E1EF-4278-A983-E99AA3F73527}
		{E0C4B65D-34B0-4BB6-83E6-C09B89051D44} = {3C310527-DC5D-4E38-B4EA-6C3FBBC48AA8}
		{FEF71F5E-1F55-45C4-A853-B21A368E4946} = {4DB6B030-41B8-4B7A-83C9-0CEFA79BD0A7}
		{415A8EA9-A04F-4F76-A89E-A77EA347A6AF} = {42C946B3-E1EF-4278-A983-E99AA3F73527}
		{0ED15B69-0240-42C9-BBA3-FB53BAB8EC84} = {F6737FCE-E6A4-4970-A6AC-0D7061B820FB}
		{29045A25-2395-49A9-98CC-99C1659FEFE8} = {F6737FCE-E6A4-4970-A6AC-0D7061B820FB}
	EndGlobalSection
	GlobalSection(ExtensibilityGlobals) = postSolution
		SolutionGuid = {5384DBB4-E799-40C6-BD98-4C90698BE085}
	EndGlobalSection
EndGlobal
