
Microsoft Visual Studio Solution File, Format Version 12.00
# Visual Studio Version 16
VisualStudioVersion = 16.0.29609.76
MinimumVisualStudioVersion = 10.0.40219.1
Project("{9A19103F-16F7-4668-BE54-9A1E7A4F7556}") = "Rocket.Unturned", "Rocket.Unturned\Rocket.Unturned.csproj", "{F390433E-DCF5-41B3-9F7D-BD0F0293AAA8}"
EndProject
Project("{9A19103F-16F7-4668-BE54-9A1E7A4F7556}") = "Rocket.Core", "Rocket.Core\Rocket.Core.csproj", "{778CB908-D80D-49E3-8007-A85BDD2CB9AB}"
EndProject
Project("{9A19103F-16F7-4668-BE54-9A1E7A4F7556}") = "Rocket.API", "Rocket.API\Rocket.API.csproj", "{EADA87FF-33BF-4B76-8A60-FFE1CDBCAB8E}"
EndProject
Project("{FAE04EC0-301F-11D3-BF4B-00C04F79EFBC}") = "Rocket.PermissionLink", "Rocket.PermissionLink\Rocket.PermissionLink.csproj", "{6ED931E7-031B-4289-8B7D-D77B8B8E7322}"
EndProject
Global
	GlobalSection(SolutionConfigurationPlatforms) = preSolution
		Debug|Any CPU = Debug|Any CPU
		Release|Any CPU = Release|Any CPU
	EndGlobalSection
	GlobalSection(ProjectConfigurationPlatforms) = postSolution
		{F390433E-DCF5-41B3-9F7D-BD0F0293AAA8}.Debug|Any CPU.ActiveCfg = Debug|Any CPU
		{F390433E-DCF5-41B3-9F7D-BD0F0293AAA8}.Debug|Any CPU.Build.0 = Debug|Any CPU
		{F390433E-DCF5-41B3-9F7D-BD0F0293AAA8}.Release|Any CPU.ActiveCfg = Release|Any CPU
		{F390433E-DCF5-41B3-9F7D-BD0F0293AAA8}.Release|Any CPU.Build.0 = Release|Any CPU
		{778CB908-D80D-49E3-8007-A85BDD2CB9AB}.Debug|Any CPU.ActiveCfg = Debug|Any CPU
		{778CB908-D80D-49E3-8007-A85BDD2CB9AB}.Debug|Any CPU.Build.0 = Debug|Any CPU
		{778CB908-D80D-49E3-8007-A85BDD2CB9AB}.Release|Any CPU.ActiveCfg = Release|Any CPU
		{778CB908-D80D-49E3-8007-A85BDD2CB9AB}.Release|Any CPU.Build.0 = Release|Any CPU
		{EADA87FF-33BF-4B76-8A60-FFE1CDBCAB8E}.Debug|Any CPU.ActiveCfg = Debug|Any CPU
		{EADA87FF-33BF-4B76-8A60-FFE1CDBCAB8E}.Debug|Any CPU.Build.0 = Debug|Any CPU
		{EADA87FF-33BF-4B76-8A60-FFE1CDBCAB8E}.Release|Any CPU.ActiveCfg = Release|Any CPU
		{EADA87FF-33BF-4B76-8A60-FFE1CDBCAB8E}.Release|Any CPU.Build.0 = Release|Any CPU
		{6ED931E7-031B-4289-8B7D-D77B8B8E7322}.Debug|Any CPU.ActiveCfg = Debug|Any CPU
		{6ED931E7-031B-4289-8B7D-D77B8B8E7322}.Debug|Any CPU.Build.0 = Debug|Any CPU
		{6ED931E7-031B-4289-8B7D-D77B8B8E7322}.Release|Any CPU.ActiveCfg = Release|Any CPU
		{6ED931E7-031B-4289-8B7D-D77B8B8E7322}.Release|Any CPU.Build.0 = Release|Any CPU
	EndGlobalSection
	GlobalSection(SolutionProperties) = preSolution
		HideSolutionNode = FALSE
	EndGlobalSection
	GlobalSection(ExtensibilityGlobals) = postSolution
		SolutionGuid = {696BAD1B-19A0-4389-B702-615429FFEEA4}
	EndGlobalSection
EndGlobal
